// !$*UTF8*$!
{
	archiveVersion = 1;
	classes = {
	};
	objectVersion = 50;
	objects = {

/* Begin PBXBuildFile section */
		CDAC0EED26E05A2900EF97D7 /* AppDelegate.swift in Sources */ = {isa = PBXBuildFile; fileRef = CDAC0EEC26E05A2900EF97D7 /* AppDelegate.swift */; };
		CDAC0EEF26E05A2900EF97D7 /* SceneDelegate.swift in Sources */ = {isa = PBXBuildFile; fileRef = CDAC0EEE26E05A2900EF97D7 /* SceneDelegate.swift */; };
		CDAC0EF126E05A2900EF97D7 /* ViewController.swift in Sources */ = {isa = PBXBuildFile; fileRef = CDAC0EF026E05A2900EF97D7 /* ViewController.swift */; };
		CDAC0EF426E05A2900EF97D7 /* Main.storyboard in Resources */ = {isa = PBXBuildFile; fileRef = CDAC0EF226E05A2900EF97D7 /* Main.storyboard */; };
		CDAC0EF626E05A2A00EF97D7 /* Assets.xcassets in Resources */ = {isa = PBXBuildFile; fileRef = CDAC0EF526E05A2A00EF97D7 /* Assets.xcassets */; };
		CDAC0EF926E05A2A00EF97D7 /* LaunchScreen.storyboard in Resources */ = {isa = PBXBuildFile; fileRef = CDAC0EF726E05A2A00EF97D7 /* LaunchScreen.storyboard */; };
		CDAC0F0426E05A2B00EF97D7 /* QuizTests.swift in Sources */ = {isa = PBXBuildFile; fileRef = CDAC0F0326E05A2B00EF97D7 /* QuizTests.swift */; };
		CDAC0F0F26E05A2B00EF97D7 /* QuizUITests.swift in Sources */ = {isa = PBXBuildFile; fileRef = CDAC0F0E26E05A2B00EF97D7 /* QuizUITests.swift */; };
/* End PBXBuildFile section */

/* Begin PBXContainerItemProxy section */
		CDAC0F0026E05A2B00EF97D7 /* PBXContainerItemProxy */ = {
			isa = PBXContainerItemProxy;
			containerPortal = CDAC0EE126E05A2900EF97D7 /* Project object */;
			proxyType = 1;
			remoteGlobalIDString = CDAC0EE826E05A2900EF97D7;
			remoteInfo = Quiz;
		};
		CDAC0F0B26E05A2B00EF97D7 /* PBXContainerItemProxy */ = {
			isa = PBXContainerItemProxy;
			containerPortal = CDAC0EE126E05A2900EF97D7 /* Project object */;
			proxyType = 1;
			remoteGlobalIDString = CDAC0EE826E05A2900EF97D7;
			remoteInfo = Quiz;
		};
/* End PBXContainerItemProxy section */

/* Begin PBXFileReference section */
		CDAC0EE926E05A2900EF97D7 /* Quiz.app */ = {isa = PBXFileReference; explicitFileType = wrapper.application; includeInIndex = 0; path = Quiz.app; sourceTree = BUILT_PRODUCTS_DIR; };
		CDAC0EEC26E05A2900EF97D7 /* AppDelegate.swift */ = {isa = PBXFileReference; lastKnownFileType = sourcecode.swift; path = AppDelegate.swift; sourceTree = "<group>"; };
		CDAC0EEE26E05A2900EF97D7 /* SceneDelegate.swift */ = {isa = PBXFileReference; lastKnownFileType = sourcecode.swift; path = SceneDelegate.swift; sourceTree = "<group>"; };
		CDAC0EF026E05A2900EF97D7 /* ViewController.swift */ = {isa = PBXFileReference; lastKnownFileType = sourcecode.swift; path = ViewController.swift; sourceTree = "<group>"; };
		CDAC0EF326E05A2900EF97D7 /* Base */ = {isa = PBXFileReference; lastKnownFileType = file.storyboard; name = Base; path = Base.lproj/Main.storyboard; sourceTree = "<group>"; };
		CDAC0EF526E05A2A00EF97D7 /* Assets.xcassets */ = {isa = PBXFileReference; lastKnownFileType = folder.assetcatalog; path = Assets.xcassets; sourceTree = "<group>"; };
		CDAC0EF826E05A2A00EF97D7 /* Base */ = {isa = PBXFileReference; lastKnownFileType = file.storyboard; name = Base; path = Base.lproj/LaunchScreen.storyboard; sourceTree = "<group>"; };
		CDAC0EFA26E05A2A00EF97D7 /* Info.plist */ = {isa = PBXFileReference; lastKnownFileType = text.plist.xml; path = Info.plist; sourceTree = "<group>"; };
		CDAC0EFF26E05A2B00EF97D7 /* QuizTests.xctest */ = {isa = PBXFileReference; explicitFileType = wrapper.cfbundle; includeInIndex = 0; path = QuizTests.xctest; sourceTree = BUILT_PRODUCTS_DIR; };
		CDAC0F0326E05A2B00EF97D7 /* QuizTests.swift */ = {isa = PBXFileReference; lastKnownFileType = sourcecode.swift; path = QuizTests.swift; sourceTree = "<group>"; };
		CDAC0F0526E05A2B00EF97D7 /* Info.plist */ = {isa = PBXFileReference; lastKnownFileType = text.plist.xml; path = Info.plist; sourceTree = "<group>"; };
		CDAC0F0A26E05A2B00EF97D7 /* QuizUITests.xctest */ = {isa = PBXFileReference; explicitFileType = wrapper.cfbundle; includeInIndex = 0; path = QuizUITests.xctest; sourceTree = BUILT_PRODUCTS_DIR; };
		CDAC0F0E26E05A2B00EF97D7 /* QuizUITests.swift */ = {isa = PBXFileReference; lastKnownFileType = sourcecode.swift; path = QuizUITests.swift; sourceTree = "<group>"; };
		CDAC0F1026E05A2B00EF97D7 /* Info.plist */ = {isa = PBXFileReference; lastKnownFileType = text.plist.xml; path = Info.plist; sourceTree = "<group>"; };
/* End PBXFileReference section */

/* Begin PBXFrameworksBuildPhase section */
		CDAC0EE626E05A2900EF97D7 /* Frameworks */ = {
			isa = PBXFrameworksBuildPhase;
			buildActionMask = 2147483647;
			files = (
			);
			runOnlyForDeploymentPostprocessing = 0;
		};
		CDAC0EFC26E05A2B00EF97D7 /* Frameworks */ = {
			isa = PBXFrameworksBuildPhase;
			buildActionMask = 2147483647;
			files = (
			);
			runOnlyForDeploymentPostprocessing = 0;
		};
		CDAC0F0726E05A2B00EF97D7 /* Frameworks */ = {
			isa = PBXFrameworksBuildPhase;
			buildActionMask = 2147483647;
			files = (
			);
			runOnlyForDeploymentPostprocessing = 0;
		};
/* End PBXFrameworksBuildPhase section */

/* Begin PBXGroup section */
		CDAC0EE026E05A2900EF97D7 = {
			isa = PBXGroup;
			children = (
				CDAC0EEB26E05A2900EF97D7 /* Quiz */,
				CDAC0F0226E05A2B00EF97D7 /* QuizTests */,
				CDAC0F0D26E05A2B00EF97D7 /* QuizUITests */,
				CDAC0EEA26E05A2900EF97D7 /* Products */,
			);
			sourceTree = "<group>";
		};
		CDAC0EEA26E05A2900EF97D7 /* Products */ = {
			isa = PBXGroup;
			children = (
				CDAC0EE926E05A2900EF97D7 /* Quiz.app */,
				CDAC0EFF26E05A2B00EF97D7 /* QuizTests.xctest */,
				CDAC0F0A26E05A2B00EF97D7 /* QuizUITests.xctest */,
			);
			name = Products;
			sourceTree = "<group>";
		};
		CDAC0EEB26E05A2900EF97D7 /* Quiz */ = {
			isa = PBXGroup;
			children = (
				CDAC0EEC26E05A2900EF97D7 /* AppDelegate.swift */,
				CDAC0EEE26E05A2900EF97D7 /* SceneDelegate.swift */,
				CDAC0EF026E05A2900EF97D7 /* ViewController.swift */,
				CDAC0EF226E05A2900EF97D7 /* Main.storyboard */,
				CDAC0EF526E05A2A00EF97D7 /* Assets.xcassets */,
				CDAC0EF726E05A2A00EF97D7 /* LaunchScreen.storyboard */,
				CDAC0EFA26E05A2A00EF97D7 /* Info.plist */,
			);
			path = Quiz;
			sourceTree = "<group>";
		};
		CDAC0F0226E05A2B00EF97D7 /* QuizTests */ = {
			isa = PBXGroup;
			children = (
				CDAC0F0326E05A2B00EF97D7 /* QuizTests.swift */,
				CDAC0F0526E05A2B00EF97D7 /* Info.plist */,
			);
			path = QuizTests;
			sourceTree = "<group>";
		};
		CDAC0F0D26E05A2B00EF97D7 /* QuizUITests */ = {
			isa = PBXGroup;
			children = (
				CDAC0F0E26E05A2B00EF97D7 /* QuizUITests.swift */,
				CDAC0F1026E05A2B00EF97D7 /* Info.plist */,
			);
			path = QuizUITests;
			sourceTree = "<group>";
		};
/* End PBXGroup section */

/* Begin PBXNativeTarget section */
		CDAC0EE826E05A2900EF97D7 /* Quiz */ = {
			isa = PBXNativeTarget;
			buildConfigurationList = CDAC0F1326E05A2B00EF97D7 /* Build configuration list for PBXNativeTarget "Quiz" */;
			buildPhases = (
				CDAC0EE526E05A2900EF97D7 /* Sources */,
				CDAC0EE626E05A2900EF97D7 /* Frameworks */,
				CDAC0EE726E05A2900EF97D7 /* Resources */,
			);
			buildRules = (
			);
			dependencies = (
			);
			name = Quiz;
			productName = Quiz;
			productReference = CDAC0EE926E05A2900EF97D7 /* Quiz.app */;
			productType = "com.apple.product-type.application";
		};
		CDAC0EFE26E05A2B00EF97D7 /* QuizTests */ = {
			isa = PBXNativeTarget;
			buildConfigurationList = CDAC0F1626E05A2B00EF97D7 /* Build configuration list for PBXNativeTarget "QuizTests" */;
			buildPhases = (
				CDAC0EFB26E05A2B00EF97D7 /* Sources */,
				CDAC0EFC26E05A2B00EF97D7 /* Frameworks */,
				CDAC0EFD26E05A2B00EF97D7 /* Resources */,
			);
			buildRules = (
			);
			dependencies = (
				CDAC0F0126E05A2B00EF97D7 /* PBXTargetDependency */,
			);
			name = QuizTests;
			productName = QuizTests;
			productReference = CDAC0EFF26E05A2B00EF97D7 /* QuizTests.xctest */;
			productType = "com.apple.product-type.bundle.unit-test";
		};
		CDAC0F0926E05A2B00EF97D7 /* QuizUITests */ = {
			isa = PBXNativeTarget;
			buildConfigurationList = CDAC0F1926E05A2B00EF97D7 /* Build configuration list for PBXNativeTarget "QuizUITests" */;
			buildPhases = (
				CDAC0F0626E05A2B00EF97D7 /* Sources */,
				CDAC0F0726E05A2B00EF97D7 /* Frameworks */,
				CDAC0F0826E05A2B00EF97D7 /* Resources */,
			);
			buildRules = (
			);
			dependencies = (
				CDAC0F0C26E05A2B00EF97D7 /* PBXTargetDependency */,
			);
			name = QuizUITests;
			productName = QuizUITests;
			productReference = CDAC0F0A26E05A2B00EF97D7 /* QuizUITests.xctest */;
			productType = "com.apple.product-type.bundle.ui-testing";
		};
/* End PBXNativeTarget section */

/* Begin PBXProject section */
		CDAC0EE126E05A2900EF97D7 /* Project object */ = {
			isa = PBXProject;
			attributes = {
				LastSwiftUpdateCheck = 1250;
				LastUpgradeCheck = 1250;
				TargetAttributes = {
					CDAC0EE826E05A2900EF97D7 = {
						CreatedOnToolsVersion = 12.5.1;
					};
					CDAC0EFE26E05A2B00EF97D7 = {
						CreatedOnToolsVersion = 12.5.1;
						TestTargetID = CDAC0EE826E05A2900EF97D7;
					};
					CDAC0F0926E05A2B00EF97D7 = {
						CreatedOnToolsVersion = 12.5.1;
						TestTargetID = CDAC0EE826E05A2900EF97D7;
					};
				};
			};
			buildConfigurationList = CDAC0EE426E05A2900EF97D7 /* Build configuration list for PBXProject "Quiz" */;
			compatibilityVersion = "Xcode 9.3";
			developmentRegion = en;
			hasScannedForEncodings = 0;
			knownRegions = (
				en,
				Base,
			);
			mainGroup = CDAC0EE026E05A2900EF97D7;
			productRefGroup = CDAC0EEA26E05A2900EF97D7 /* Products */;
			projectDirPath = "";
			projectRoot = "";
			targets = (
				CDAC0EE826E05A2900EF97D7 /* Quiz */,
				CDAC0EFE26E05A2B00EF97D7 /* QuizTests */,
				CDAC0F0926E05A2B00EF97D7 /* QuizUITests */,
			);
		};
/* End PBXProject section */

/* Begin PBXResourcesBuildPhase section */
		CDAC0EE726E05A2900EF97D7 /* Resources */ = {
			isa = PBXResourcesBuildPhase;
			buildActionMask = 2147483647;
			files = (
				CDAC0EF926E05A2A00EF97D7 /* LaunchScreen.storyboard in Resources */,
				CDAC0EF626E05A2A00EF97D7 /* Assets.xcassets in Resources */,
				CDAC0EF426E05A2900EF97D7 /* Main.storyboard in Resources */,
			);
			runOnlyForDeploymentPostprocessing = 0;
		};
		CDAC0EFD26E05A2B00EF97D7 /* Resources */ = {
			isa = PBXResourcesBuildPhase;
			buildActionMask = 2147483647;
			files = (
			);
			runOnlyForDeploymentPostprocessing = 0;
		};
		CDAC0F0826E05A2B00EF97D7 /* Resources */ = {
			isa = PBXResourcesBuildPhase;
			buildActionMask = 2147483647;
			files = (
			);
			runOnlyForDeploymentPostprocessing = 0;
		};
/* End PBXResourcesBuildPhase section */

/* Begin PBXSourcesBuildPhase section */
		CDAC0EE526E05A2900EF97D7 /* Sources */ = {
			isa = PBXSourcesBuildPhase;
			buildActionMask = 2147483647;
			files = (
				CDAC0EF126E05A2900EF97D7 /* ViewController.swift in Sources */,
				CDAC0EED26E05A2900EF97D7 /* AppDelegate.swift in Sources */,
				CDAC0EEF26E05A2900EF97D7 /* SceneDelegate.swift in Sources */,
			);
			runOnlyForDeploymentPostprocessing = 0;
		};
		CDAC0EFB26E05A2B00EF97D7 /* Sources */ = {
			isa = PBXSourcesBuildPhase;
			buildActionMask = 2147483647;
			files = (
				CDAC0F0426E05A2B00EF97D7 /* QuizTests.swift in Sources */,
			);
			runOnlyForDeploymentPostprocessing = 0;
		};
		CDAC0F0626E05A2B00EF97D7 /* Sources */ = {
			isa = PBXSourcesBuildPhase;
			buildActionMask = 2147483647;
			files = (
				CDAC0F0F26E05A2B00EF97D7 /* QuizUITests.swift in Sources */,
			);
			runOnlyForDeploymentPostprocessing = 0;
		};
/* End PBXSourcesBuildPhase section */

/* Begin PBXTargetDependency section */
		CDAC0F0126E05A2B00EF97D7 /* PBXTargetDependency */ = {
			isa = PBXTargetDependency;
			target = CDAC0EE826E05A2900EF97D7 /* Quiz */;
			targetProxy = CDAC0F0026E05A2B00EF97D7 /* PBXContainerItemProxy */;
		};
		CDAC0F0C26E05A2B00EF97D7 /* PBXTargetDependency */ = {
			isa = PBXTargetDependency;
			target = CDAC0EE826E05A2900EF97D7 /* Quiz */;
			targetProxy = CDAC0F0B26E05A2B00EF97D7 /* PBXContainerItemProxy */;
		};
/* End PBXTargetDependency section */

/* Begin PBXVariantGroup section */
		CDAC0EF226E05A2900EF97D7 /* Main.storyboard */ = {
			isa = PBXVariantGroup;
			children = (
				CDAC0EF326E05A2900EF97D7 /* Base */,
			);
			name = Main.storyboard;
			sourceTree = "<group>";
		};
		CDAC0EF726E05A2A00EF97D7 /* LaunchScreen.storyboard */ = {
			isa = PBXVariantGroup;
			children = (
				CDAC0EF826E05A2A00EF97D7 /* Base */,
			);
			name = LaunchScreen.storyboard;
			sourceTree = "<group>";
		};
/* End PBXVariantGroup section */

/* Begin XCBuildConfiguration section */
		CDAC0F1126E05A2B00EF97D7 /* Debug */ = {
			isa = XCBuildConfiguration;
			buildSettings = {
				ALWAYS_SEARCH_USER_PATHS = NO;
				CLANG_ANALYZER_NONNULL = YES;
				CLANG_ANALYZER_NUMBER_OBJECT_CONVERSION = YES_AGGRESSIVE;
				CLANG_CXX_LANGUAGE_STANDARD = "gnu++14";
				CLANG_CXX_LIBRARY = "libc++";
				CLANG_ENABLE_MODULES = YES;
				CLANG_ENABLE_OBJC_ARC = YES;
				CLANG_ENABLE_OBJC_WEAK = YES;
				CLANG_WARN_BLOCK_CAPTURE_AUTORELEASING = YES;
				CLANG_WARN_BOOL_CONVERSION = YES;
				CLANG_WARN_COMMA = YES;
				CLANG_WARN_CONSTANT_CONVERSION = YES;
				CLANG_WARN_DEPRECATED_OBJC_IMPLEMENTATIONS = YES;
				CLANG_WARN_DIRECT_OBJC_ISA_USAGE = YES_ERROR;
				CLANG_WARN_DOCUMENTATION_COMMENTS = YES;
				CLANG_WARN_EMPTY_BODY = YES;
				CLANG_WARN_ENUM_CONVERSION = YES;
				CLANG_WARN_INFINITE_RECURSION = YES;
				CLANG_WARN_INT_CONVERSION = YES;
				CLANG_WARN_NON_LITERAL_NULL_CONVERSION = YES;
				CLANG_WARN_OBJC_IMPLICIT_RETAIN_SELF = YES;
				CLANG_WARN_OBJC_LITERAL_CONVERSION = YES;
				CLANG_WARN_OBJC_ROOT_CLASS = YES_ERROR;
				CLANG_WARN_QUOTED_INCLUDE_IN_FRAMEWORK_HEADER = YES;
				CLANG_WARN_RANGE_LOOP_ANALYSIS = YES;
				CLANG_WARN_STRICT_PROTOTYPES = YES;
				CLANG_WARN_SUSPICIOUS_MOVE = YES;
				CLANG_WARN_UNGUARDED_AVAILABILITY = YES_AGGRESSIVE;
				CLANG_WARN_UNREACHABLE_CODE = YES;
				CLANG_WARN__DUPLICATE_METHOD_MATCH = YES;
				COPY_PHASE_STRIP = NO;
				DEBUG_INFORMATION_FORMAT = dwarf;
				ENABLE_STRICT_OBJC_MSGSEND = YES;
				ENABLE_TESTABILITY = YES;
				GCC_C_LANGUAGE_STANDARD = gnu11;
				GCC_DYNAMIC_NO_PIC = NO;
				GCC_NO_COMMON_BLOCKS = YES;
				GCC_OPTIMIZATION_LEVEL = 0;
				GCC_PREPROCESSOR_DEFINITIONS = (
					"DEBUG=1",
					"$(inherited)",
				);
				GCC_WARN_64_TO_32_BIT_CONVERSION = YES;
				GCC_WARN_ABOUT_RETURN_TYPE = YES_ERROR;
				GCC_WARN_UNDECLARED_SELECTOR = YES;
				GCC_WARN_UNINITIALIZED_AUTOS = YES_AGGRESSIVE;
				GCC_WARN_UNUSED_FUNCTION = YES;
				GCC_WARN_UNUSED_VARIABLE = YES;
				IPHONEOS_DEPLOYMENT_TARGET = 14.5;
				MTL_ENABLE_DEBUG_INFO = INCLUDE_SOURCE;
				MTL_FAST_MATH = YES;
				ONLY_ACTIVE_ARCH = YES;
				SDKROOT = iphoneos;
				SWIFT_ACTIVE_COMPILATION_CONDITIONS = DEBUG;
				SWIFT_OPTIMIZATION_LEVEL = "-Onone";
			};
			name = Debug;
		};
		CDAC0F1226E05A2B00EF97D7 /* Release */ = {
			isa = XCBuildConfiguration;
			buildSettings = {
				ALWAYS_SEARCH_USER_PATHS = NO;
				CLANG_ANALYZER_NONNULL = YES;
				CLANG_ANALYZER_NUMBER_OBJECT_CONVERSION = YES_AGGRESSIVE;
				CLANG_CXX_LANGUAGE_STANDARD = "gnu++14";
				CLANG_CXX_LIBRARY = "libc++";
				CLANG_ENABLE_MODULES = YES;
				CLANG_ENABLE_OBJC_ARC = YES;
				CLANG_ENABLE_OBJC_WEAK = YES;
				CLANG_WARN_BLOCK_CAPTURE_AUTORELEASING = YES;
				CLANG_WARN_BOOL_CONVERSION = YES;
				CLANG_WARN_COMMA = YES;
				CLANG_WARN_CONSTANT_CONVERSION = YES;
				CLANG_WARN_DEPRECATED_OBJC_IMPLEMENTATIONS = YES;
				CLANG_WARN_DIRECT_OBJC_ISA_USAGE = YES_ERROR;
				CLANG_WARN_DOCUMENTATION_COMMENTS = YES;
				CLANG_WARN_EMPTY_BODY = YES;
				CLANG_WARN_ENUM_CONVERSION = YES;
				CLANG_WARN_INFINITE_RECURSION = YES;
				CLANG_WARN_INT_CONVERSION = YES;
				CLANG_WARN_NON_LITERAL_NULL_CONVERSION = YES;
				CLANG_WARN_OBJC_IMPLICIT_RETAIN_SELF = YES;
				CLANG_WARN_OBJC_LITERAL_CONVERSION = YES;
				CLANG_WARN_OBJC_ROOT_CLASS = YES_ERROR;
				CLANG_WARN_QUOTED_INCLUDE_IN_FRAMEWORK_HEADER = YES;
				CLANG_WARN_RANGE_LOOP_ANALYSIS = YES;
				CLANG_WARN_STRICT_PROTOTYPES = YES;
				CLANG_WARN_SUSPICIOUS_MOVE = YES;
				CLANG_WARN_UNGUARDED_AVAILABILITY = YES_AGGRESSIVE;
				CLANG_WARN_UNREACHABLE_CODE = YES;
				CLANG_WARN__DUPLICATE_METHOD_MATCH = YES;
				COPY_PHASE_STRIP = NO;
				DEBUG_INFORMATION_FORMAT = "dwarf-with-dsym";
				ENABLE_NS_ASSERTIONS = NO;
				ENABLE_STRICT_OBJC_MSGSEND = YES;
				GCC_C_LANGUAGE_STANDARD = gnu11;
				GCC_NO_COMMON_BLOCKS = YES;
				GCC_WARN_64_TO_32_BIT_CONVERSION = YES;
				GCC_WARN_ABOUT_RETURN_TYPE = YES_ERROR;
				GCC_WARN_UNDECLARED_SELECTOR = YES;
				GCC_WARN_UNINITIALIZED_AUTOS = YES_AGGRESSIVE;
				GCC_WARN_UNUSED_FUNCTION = YES;
				GCC_WARN_UNUSED_VARIABLE = YES;
				IPHONEOS_DEPLOYMENT_TARGET = 14.5;
				MTL_ENABLE_DEBUG_INFO = NO;
				MTL_FAST_MATH = YES;
				SDKROOT = iphoneos;
				SWIFT_COMPILATION_MODE = wholemodule;
				SWIFT_OPTIMIZATION_LEVEL = "-O";
				VALIDATE_PRODUCT = YES;
			};
			name = Release;
		};
		CDAC0F1426E05A2B00EF97D7 /* Debug */ = {
			isa = XCBuildConfiguration;
			buildSettings = {
				ASSETCATALOG_COMPILER_APPICON_NAME = AppIcon;
				ASSETCATALOG_COMPILER_GLOBAL_ACCENT_COLOR_NAME = AccentColor;
				CODE_SIGN_STYLE = Automatic;
				INFOPLIST_FILE = Quiz/Info.plist;
				LD_RUNPATH_SEARCH_PATHS = (
					"$(inherited)",
					"@executable_path/Frameworks",
				);
				PRODUCT_BUNDLE_IDENTIFIER = app.pico.ogoshi.Quiz;
				PRODUCT_NAME = "$(TARGET_NAME)";
				SWIFT_VERSION = 5.0;
				TARGETED_DEVICE_FAMILY = "1,2";
			};
			name = Debug;
		};
		CDAC0F1526E05A2B00EF97D7 /* Release */ = {
			isa = XCBuildConfiguration;
			buildSettings = {
				ASSETCATALOG_COMPILER_APPICON_NAME = AppIcon;
				ASSETCATALOG_COMPILER_GLOBAL_ACCENT_COLOR_NAME = AccentColor;
				CODE_SIGN_STYLE = Automatic;
				INFOPLIST_FILE = Quiz/Info.plist;
				LD_RUNPATH_SEARCH_PATHS = (
					"$(inherited)",
					"@executable_path/Frameworks",
				);
				PRODUCT_BUNDLE_IDENTIFIER = app.pico.ogoshi.Quiz;
				PRODUCT_NAME = "$(TARGET_NAME)";
				SWIFT_VERSION = 5.0;
				TARGETED_DEVICE_FAMILY = "1,2";
			};
			name = Release;
		};
		CDAC0F1726E05A2B00EF97D7 /* Debug */ = {
			isa = XCBuildConfiguration;
			buildSettings = {
				ALWAYS_EMBED_SWIFT_STANDARD_LIBRARIES = YES;
				BUNDLE_LOADER = "$(TEST_HOST)";
				CODE_SIGN_STYLE = Automatic;
				INFOPLIST_FILE = QuizTests/Info.plist;
				IPHONEOS_DEPLOYMENT_TARGET = 14.5;
				LD_RUNPATH_SEARCH_PATHS = (
					"$(inherited)",
					"@executable_path/Frameworks",
					"@loader_path/Frameworks",
				);
				PRODUCT_BUNDLE_IDENTIFIER = app.pico.ogoshi.QuizTests;
				PRODUCT_NAME = "$(TARGET_NAME)";
				SWIFT_VERSION = 5.0;
				TARGETED_DEVICE_FAMILY = "1,2";
				TEST_HOST = "$(BUILT_PRODUCTS_DIR)/Quiz.app/Quiz";
			};
			name = Debug;
		};
		CDAC0F1826E05A2B00EF97D7 /* Release */ = {
			isa = XCBuildConfiguration;
			buildSettings = {
				ALWAYS_EMBED_SWIFT_STANDARD_LIBRARIES = YES;
				BUNDLE_LOADER = "$(TEST_HOST)";
				CODE_SIGN_STYLE = Automatic;
				INFOPLIST_FILE = QuizTests/Info.plist;
				IPHONEOS_DEPLOYMENT_TARGET = 14.5;
				LD_RUNPATH_SEARCH_PATHS = (
					"$(inherited)",
					"@executable_path/Frameworks",
					"@loader_path/Frameworks",
				);
				PRODUCT_BUNDLE_IDENTIFIER = app.pico.ogoshi.QuizTests;
				PRODUCT_NAME = "$(TARGET_NAME)";
				SWIFT_VERSION = 5.0;
				TARGETED_DEVICE_FAMILY = "1,2";
				TEST_HOST = "$(BUILT_PRODUCTS_DIR)/Quiz.app/Quiz";
			};
			name = Release;
		};
		CDAC0F1A26E05A2B00EF97D7 /* Debug */ = {
			isa = XCBuildConfiguration;
			buildSettings = {
				ALWAYS_EMBED_SWIFT_STANDARD_LIBRARIES = YES;
				CODE_SIGN_STYLE = Automatic;
				INFOPLIST_FILE = QuizUITests/Info.plist;
				LD_RUNPATH_SEARCH_PATHS = (
					"$(inherited)",
					"@executable_path/Frameworks",
					"@loader_path/Frameworks",
				);
				PRODUCT_BUNDLE_IDENTIFIER = app.pico.ogoshi.QuizUITests;
				PRODUCT_NAME = "$(TARGET_NAME)";
				SWIFT_VERSION = 5.0;
				TARGETED_DEVICE_FAMILY = "1,2";
				TEST_TARGET_NAME = Quiz;
			};
			name = Debug;
		};
		CDAC0F1B26E05A2B00EF97D7 /* Release */ = {
			isa = XCBuildConfiguration;
			buildSettings = {
				ALWAYS_EMBED_SWIFT_STANDARD_LIBRARIES = YES;
				CODE_SIGN_STYLE = Automatic;
				INFOPLIST_FILE = QuizUITests/Info.plist;
				LD_RUNPATH_SEARCH_PATHS = (
					"$(inherited)",
					"@executable_path/Frameworks",
					"@loader_path/Frameworks",
				);
				PRODUCT_BUNDLE_IDENTIFIER = app.pico.ogoshi.QuizUITests;
				PRODUCT_NAME = "$(TARGET_NAME)";
				SWIFT_VERSION = 5.0;
				TARGETED_DEVICE_FAMILY = "1,2";
				TEST_TARGET_NAME = Quiz;
			};
			name = Release;
		};
/* End XCBuildConfiguration section */

/* Begin XCConfigurationList section */
		CDAC0EE426E05A2900EF97D7 /* Build configuration list for PBXProject "Quiz" */ = {
			isa = XCConfigurationList;
			buildConfigurations = (
				CDAC0F1126E05A2B00EF97D7 /* Debug */,
				CDAC0F1226E05A2B00EF97D7 /* Release */,
			);
			defaultConfigurationIsVisible = 0;
			defaultConfigurationName = Release;
		};
		CDAC0F1326E05A2B00EF97D7 /* Build configuration list for PBXNativeTarget "Quiz" */ = {
			isa = XCConfigurationList;
			buildConfigurations = (
				CDAC0F1426E05A2B00EF97D7 /* Debug */,
				CDAC0F1526E05A2B00EF97D7 /* Release */,
			);
			defaultConfigurationIsVisible = 0;
			defaultConfigurationName = Release;
		};
		CDAC0F1626E05A2B00EF97D7 /* Build configuration list for PBXNativeTarget "QuizTests" */ = {
			isa = XCConfigurationList;
			buildConfigurations = (
				CDAC0F1726E05A2B00EF97D7 /* Debug */,
				CDAC0F1826E05A2B00EF97D7 /* Release */,
			);
			defaultConfigurationIsVisible = 0;
			defaultConfigurationName = Release;
		};
		CDAC0F1926E05A2B00EF97D7 /* Build configuration list for PBXNativeTarget "QuizUITests" */ = {
			isa = XCConfigurationList;
			buildConfigurations = (
				CDAC0F1A26E05A2B00EF97D7 /* Debug */,
				CDAC0F1B26E05A2B00EF97D7 /* Release */,
			);
			defaultConfigurationIsVisible = 0;
			defaultConfigurationName = Release;
		};
/* End XCConfigurationList section */
	};
	rootObject = CDAC0EE126E05A2900EF97D7 /* Project object */;
}
